
Microsoft Visual Studio Solution File, Format Version 12.00
# Visual Studio Version 17
VisualStudioVersion = 17.0.31912.275
MinimumVisualStudioVersion = 10.0.40219.1
Project("{FAE04EC0-301F-11D3-BF4B-00C04F79EFBC}") = "ArrayListBasics", "ArrayListBasics\ArrayListBasics.csproj", "{87FD587D-3AD6-464B-AF62-B2CE1E4536E5}"
EndProject
Global
	GlobalSection(SolutionConfigurationPlatforms) = preSolution
		Debug|Any CPU = Debug|Any CPU
		Release|Any CPU = Release|Any CPU
	EndGlobalSection
	GlobalSection(ProjectConfigurationPlatforms) = postSolution
		{87FD587D-3AD6-464B-AF62-B2CE1E4536E5}.Debug|Any CPU.ActiveCfg = Debug|Any CPU
		{87FD587D-3AD6-464B-AF62-B2CE1E4536E5}.Debug|Any CPU.Build.0 = Debug|Any CPU
		{87FD587D-3AD6-464B-AF62-B2CE1E4536E5}.Release|Any CPU.ActiveCfg = Release|Any CPU
		{87FD587D-3AD6-464B-AF62-B2CE1E4536E5}.Release|Any CPU.Build.0 = Release|Any CPU
	EndGlobalSection
	GlobalSection(SolutionProperties) = preSolution
		HideSolutionNode = FALSE
	EndGlobalSection
	GlobalSection(ExtensibilityGlobals) = postSolution
		SolutionGuid = {11EEFA00-CA87-4705-8FD2-CFB816D8314F}
	EndGlobalSection
EndGlobal
