
Microsoft Visual Studio Solution File, Format Version 12.00
# Visual Studio Version 17
VisualStudioVersion = 17.0.31912.275
MinimumVisualStudioVersion = 10.0.40219.1
Project("{FAE04EC0-301F-11D3-BF4B-00C04F79EFBC}") = "ArrayBasics", "ArrayBasics\ArrayBasics.csproj", "{355D158B-5691-4876-BD89-5E75C9DE5BD3}"
EndProject
Global
	GlobalSection(SolutionConfigurationPlatforms) = preSolution
		Debug|Any CPU = Debug|Any CPU
		Release|Any CPU = Release|Any CPU
	EndGlobalSection
	GlobalSection(ProjectConfigurationPlatforms) = postSolution
		{355D158B-5691-4876-BD89-5E75C9DE5BD3}.Debug|Any CPU.ActiveCfg = Debug|Any CPU
		{355D158B-5691-4876-BD89-5E75C9DE5BD3}.Debug|Any CPU.Build.0 = Debug|Any CPU
		{355D158B-5691-4876-BD89-5E75C9DE5BD3}.Release|Any CPU.ActiveCfg = Release|Any CPU
		{355D158B-5691-4876-BD89-5E75C9DE5BD3}.Release|Any CPU.Build.0 = Release|Any CPU
	EndGlobalSection
	GlobalSection(SolutionProperties) = preSolution
		HideSolutionNode = FALSE
	EndGlobalSection
	GlobalSection(ExtensibilityGlobals) = postSolution
		SolutionGuid = {1129B904-2F90-4D60-90D6-F8AD26512204}
	EndGlobalSection
EndGlobal
